// !$*UTF8*$!
{
	archiveVersion = 1;
	classes = {
	};
	objectVersion = 46;
	objects = {

/* Begin PBXBuildFile section */
		795A887E1F06249A00484C37 /* AppDelegate.swift in Sources */ = {isa = PBXBuildFile; fileRef = 795A887D1F06249A00484C37 /* AppDelegate.swift */; };
		795A88801F06249A00484C37 /* ViewController.swift in Sources */ = {isa = PBXBuildFile; fileRef = 795A887F1F06249A00484C37 /* ViewController.swift */; };
		795A88831F06249A00484C37 /* Main.storyboard in Resources */ = {isa = PBXBuildFile; fileRef = 795A88811F06249A00484C37 /* Main.storyboard */; };
		795A88851F06249A00484C37 /* Assets.xcassets in Resources */ = {isa = PBXBuildFile; fileRef = 795A88841F06249A00484C37 /* Assets.xcassets */; };
		795A88881F06249A00484C37 /* LaunchScreen.storyboard in Resources */ = {isa = PBXBuildFile; fileRef = 795A88861F06249A00484C37 /* LaunchScreen.storyboard */; };
		795A88911F06259600484C37 /* MapKit.framework in Frameworks */ = {isa = PBXBuildFile; fileRef = 795A88901F06259600484C37 /* MapKit.framework */; };
		795A88961F0DDA0000484C37 /* button_facebook@2x.png in Resources */ = {isa = PBXBuildFile; fileRef = 795A88921F0DDA0000484C37 /* button_facebook@2x.png */; };
		795A88971F0DDA0000484C37 /* button_twitter@2x.png in Resources */ = {isa = PBXBuildFile; fileRef = 795A88931F0DDA0000484C37 /* button_twitter@2x.png */; };
		795A88981F0DDA0000484C37 /* GisHelper.swift in Sources */ = {isa = PBXBuildFile; fileRef = 795A88941F0DDA0000484C37 /* GisHelper.swift */; };
		795A88991F0DDA0000484C37 /* HttpClientImpl.swift in Sources */ = {isa = PBXBuildFile; fileRef = 795A88951F0DDA0000484C37 /* HttpClientImpl.swift */; };
		795A889B1F0DF2F800484C37 /* Social.framework in Frameworks */ = {isa = PBXBuildFile; fileRef = 795A889A1F0DF2F800484C37 /* Social.framework */; };
		795A88A51F0E021500484C37 /* launch.png in Resources */ = {isa = PBXBuildFile; fileRef = 795A88A41F0E021500484C37 /* launch.png */; };
/* End PBXBuildFile section */

/* Begin PBXFileReference section */
		795A887A1F06249A00484C37 /* mapView.app */ = {isa = PBXFileReference; explicitFileType = wrapper.application; includeInIndex = 0; path = mapView.app; sourceTree = BUILT_PRODUCTS_DIR; };
		795A887D1F06249A00484C37 /* AppDelegate.swift */ = {isa = PBXFileReference; lastKnownFileType = sourcecode.swift; path = AppDelegate.swift; sourceTree = "<group>"; };
		795A887F1F06249A00484C37 /* ViewController.swift */ = {isa = PBXFileReference; lastKnownFileType = sourcecode.swift; path = ViewController.swift; sourceTree = "<group>"; };
		795A88821F06249A00484C37 /* Base */ = {isa = PBXFileReference; lastKnownFileType = file.storyboard; name = Base; path = Base.lproj/Main.storyboard; sourceTree = "<group>"; };
		795A88841F06249A00484C37 /* Assets.xcassets */ = {isa = PBXFileReference; lastKnownFileType = folder.assetcatalog; path = Assets.xcassets; sourceTree = "<group>"; };
		795A88871F06249A00484C37 /* Base */ = {isa = PBXFileReference; lastKnownFileType = file.storyboard; name = Base; path = Base.lproj/LaunchScreen.storyboard; sourceTree = "<group>"; };
		795A88891F06249A00484C37 /* Info.plist */ = {isa = PBXFileReference; lastKnownFileType = text.plist.xml; path = Info.plist; sourceTree = "<group>"; };
		795A88901F06259600484C37 /* MapKit.framework */ = {isa = PBXFileReference; lastKnownFileType = wrapper.framework; name = MapKit.framework; path = System/Library/Frameworks/MapKit.framework; sourceTree = SDKROOT; };
		795A88921F0DDA0000484C37 /* button_facebook@2x.png */ = {isa = PBXFileReference; lastKnownFileType = image.png; path = "button_facebook@2x.png"; sourceTree = "<group>"; };
		795A88931F0DDA0000484C37 /* button_twitter@2x.png */ = {isa = PBXFileReference; lastKnownFileType = image.png; path = "button_twitter@2x.png"; sourceTree = "<group>"; };
		795A88941F0DDA0000484C37 /* GisHelper.swift */ = {isa = PBXFileReference; fileEncoding = 4; lastKnownFileType = sourcecode.swift; path = GisHelper.swift; sourceTree = "<group>"; };
		795A88951F0DDA0000484C37 /* HttpClientImpl.swift */ = {isa = PBXFileReference; fileEncoding = 4; lastKnownFileType = sourcecode.swift; path = HttpClientImpl.swift; sourceTree = "<group>"; };
		795A889A1F0DF2F800484C37 /* Social.framework */ = {isa = PBXFileReference; lastKnownFileType = wrapper.framework; name = Social.framework; path = System/Library/Frameworks/Social.framework; sourceTree = SDKROOT; };
		795A88A41F0E021500484C37 /* launch.png */ = {isa = PBXFileReference; lastKnownFileType = image.png; path = launch.png; sourceTree = "<group>"; };
/* End PBXFileReference section */

/* Begin PBXFrameworksBuildPhase section */
		795A88771F06249A00484C37 /* Frameworks */ = {
			isa = PBXFrameworksBuildPhase;
			buildActionMask = 2147483647;
			files = (
				795A889B1F0DF2F800484C37 /* Social.framework in Frameworks */,
				795A88911F06259600484C37 /* MapKit.framework in Frameworks */,
			);
			runOnlyForDeploymentPostprocessing = 0;
		};
/* End PBXFrameworksBuildPhase section */

/* Begin PBXGroup section */
		795A88711F06249A00484C37 = {
			isa = PBXGroup;
			children = (
				795A887C1F06249A00484C37 /* mapView */,
				795A887B1F06249A00484C37 /* Products */,
				795A888F1F06259500484C37 /* Frameworks */,
			);
			sourceTree = "<group>";
		};
		795A887B1F06249A00484C37 /* Products */ = {
			isa = PBXGroup;
			children = (
				795A887A1F06249A00484C37 /* mapView.app */,
			);
			name = Products;
			sourceTree = "<group>";
		};
		795A887C1F06249A00484C37 /* mapView */ = {
			isa = PBXGroup;
			children = (
				795A887D1F06249A00484C37 /* AppDelegate.swift */,
				795A887F1F06249A00484C37 /* ViewController.swift */,
				795A88811F06249A00484C37 /* Main.storyboard */,
				795A88841F06249A00484C37 /* Assets.xcassets */,
				795A88A41F0E021500484C37 /* launch.png */,
				795A88861F06249A00484C37 /* LaunchScreen.storyboard */,
				795A88891F06249A00484C37 /* Info.plist */,
				795A88921F0DDA0000484C37 /* button_facebook@2x.png */,
				795A88931F0DDA0000484C37 /* button_twitter@2x.png */,
				795A88941F0DDA0000484C37 /* GisHelper.swift */,
				795A88951F0DDA0000484C37 /* HttpClientImpl.swift */,
			);
			path = mapView;
			sourceTree = "<group>";
		};
		795A888F1F06259500484C37 /* Frameworks */ = {
			isa = PBXGroup;
			children = (
				795A889A1F0DF2F800484C37 /* Social.framework */,
				795A88901F06259600484C37 /* MapKit.framework */,
			);
			name = Frameworks;
			sourceTree = "<group>";
		};
/* End PBXGroup section */

/* Begin PBXNativeTarget section */
		795A88791F06249A00484C37 /* mapView */ = {
			isa = PBXNativeTarget;
			buildConfigurationList = 795A888C1F06249A00484C37 /* Build configuration list for PBXNativeTarget "mapView" */;
			buildPhases = (
				795A88761F06249A00484C37 /* Sources */,
				795A88771F06249A00484C37 /* Frameworks */,
				795A88781F06249A00484C37 /* Resources */,
			);
			buildRules = (
			);
			dependencies = (
			);
			name = mapView;
			productName = mapView;
			productReference = 795A887A1F06249A00484C37 /* mapView.app */;
			productType = "com.apple.product-type.application";
		};
/* End PBXNativeTarget section */

/* Begin PBXProject section */
		795A88721F06249A00484C37 /* Project object */ = {
			isa = PBXProject;
			attributes = {
				LastSwiftUpdateCheck = 0830;
				LastUpgradeCheck = 0830;
				ORGANIZATIONNAME = "Yako Kobayashi";
				TargetAttributes = {
					795A88791F06249A00484C37 = {
						CreatedOnToolsVersion = 8.3.3;
						ProvisioningStyle = Automatic;
					};
				};
			};
			buildConfigurationList = 795A88751F06249A00484C37 /* Build configuration list for PBXProject "mapView" */;
			compatibilityVersion = "Xcode 3.2";
			developmentRegion = English;
			hasScannedForEncodings = 0;
			knownRegions = (
				en,
				Base,
			);
			mainGroup = 795A88711F06249A00484C37;
			productRefGroup = 795A887B1F06249A00484C37 /* Products */;
			projectDirPath = "";
			projectRoot = "";
			targets = (
				795A88791F06249A00484C37 /* mapView */,
			);
		};
/* End PBXProject section */

/* Begin PBXResourcesBuildPhase section */
		795A88781F06249A00484C37 /* Resources */ = {
			isa = PBXResourcesBuildPhase;
			buildActionMask = 2147483647;
			files = (
				795A88A51F0E021500484C37 /* launch.png in Resources */,
				795A88961F0DDA0000484C37 /* button_facebook@2x.png in Resources */,
				795A88881F06249A00484C37 /* LaunchScreen.storyboard in Resources */,
				795A88971F0DDA0000484C37 /* button_twitter@2x.png in Resources */,
				795A88851F06249A00484C37 /* Assets.xcassets in Resources */,
				795A88831F06249A00484C37 /* Main.storyboard in Resources */,
			);
			runOnlyForDeploymentPostprocessing = 0;
		};
/* End PBXResourcesBuildPhase section */

/* Begin PBXSourcesBuildPhase section */
		795A88761F06249A00484C37 /* Sources */ = {
			isa = PBXSourcesBuildPhase;
			buildActionMask = 2147483647;
			files = (
				795A88991F0DDA0000484C37 /* HttpClientImpl.swift in Sources */,
				795A88801F06249A00484C37 /* ViewController.swift in Sources */,
				795A88981F0DDA0000484C37 /* GisHelper.swift in Sources */,
				795A887E1F06249A00484C37 /* AppDelegate.swift in Sources */,
			);
			runOnlyForDeploymentPostprocessing = 0;
		};
/* End PBXSourcesBuildPhase section */

/* Begin PBXVariantGroup section */
		795A88811F06249A00484C37 /* Main.storyboard */ = {
			isa = PBXVariantGroup;
			children = (
				795A88821F06249A00484C37 /* Base */,
			);
			name = Main.storyboard;
			sourceTree = "<group>";
		};
		795A88861F06249A00484C37 /* LaunchScreen.storyboard */ = {
			isa = PBXVariantGroup;
			children = (
				795A88871F06249A00484C37 /* Base */,
			);
			name = LaunchScreen.storyboard;
			sourceTree = "<group>";
		};
/* End PBXVariantGroup section */

/* Begin XCBuildConfiguration section */
		795A888A1F06249A00484C37 /* Debug */ = {
			isa = XCBuildConfiguration;
			buildSettings = {
				ALWAYS_SEARCH_USER_PATHS = NO;
				CLANG_ANALYZER_NONNULL = YES;
				CLANG_ANALYZER_NUMBER_OBJECT_CONVERSION = YES_AGGRESSIVE;
				CLANG_CXX_LANGUAGE_STANDARD = "gnu++0x";
				CLANG_CXX_LIBRARY = "libc++";
				CLANG_ENABLE_MODULES = YES;
				CLANG_ENABLE_OBJC_ARC = YES;
				CLANG_WARN_BOOL_CONVERSION = YES;
				CLANG_WARN_CONSTANT_CONVERSION = YES;
				CLANG_WARN_DIRECT_OBJC_ISA_USAGE = YES_ERROR;
				CLANG_WARN_DOCUMENTATION_COMMENTS = YES;
				CLANG_WARN_EMPTY_BODY = YES;
				CLANG_WARN_ENUM_CONVERSION = YES;
				CLANG_WARN_INFINITE_RECURSION = YES;
				CLANG_WARN_INT_CONVERSION = YES;
				CLANG_WARN_OBJC_ROOT_CLASS = YES_ERROR;
				CLANG_WARN_SUSPICIOUS_MOVE = YES;
				CLANG_WARN_UNREACHABLE_CODE = YES;
				CLANG_WARN__DUPLICATE_METHOD_MATCH = YES;
				"CODE_SIGN_IDENTITY[sdk=iphoneos*]" = "iPhone Developer";
				COPY_PHASE_STRIP = NO;
				DEBUG_INFORMATION_FORMAT = dwarf;
				ENABLE_STRICT_OBJC_MSGSEND = YES;
				ENABLE_TESTABILITY = YES;
				GCC_C_LANGUAGE_STANDARD = gnu99;
				GCC_DYNAMIC_NO_PIC = NO;
				GCC_NO_COMMON_BLOCKS = YES;
				GCC_OPTIMIZATION_LEVEL = 0;
				GCC_PREPROCESSOR_DEFINITIONS = (
					"DEBUG=1",
					"$(inherited)",
				);
				GCC_WARN_64_TO_32_BIT_CONVERSION = YES;
				GCC_WARN_ABOUT_RETURN_TYPE = YES_ERROR;
				GCC_WARN_UNDECLARED_SELECTOR = YES;
				GCC_WARN_UNINITIALIZED_AUTOS = YES_AGGRESSIVE;
				GCC_WARN_UNUSED_FUNCTION = YES;
				GCC_WARN_UNUSED_VARIABLE = YES;
				IPHONEOS_DEPLOYMENT_TARGET = 10.3;
				MTL_ENABLE_DEBUG_INFO = YES;
				ONLY_ACTIVE_ARCH = YES;
				SDKROOT = iphoneos;
				SWIFT_ACTIVE_COMPILATION_CONDITIONS = DEBUG;
				SWIFT_OPTIMIZATION_LEVEL = "-Onone";
			};
			name = Debug;
		};
		795A888B1F06249A00484C37 /* Release */ = {
			isa = XCBuildConfiguration;
			buildSettings = {
				ALWAYS_SEARCH_USER_PATHS = NO;
				CLANG_ANALYZER_NONNULL = YES;
				CLANG_ANALYZER_NUMBER_OBJECT_CONVERSION = YES_AGGRESSIVE;
				CLANG_CXX_LANGUAGE_STANDARD = "gnu++0x";
				CLANG_CXX_LIBRARY = "libc++";
				CLANG_ENABLE_MODULES = YES;
				CLANG_ENABLE_OBJC_ARC = YES;
				CLANG_WARN_BOOL_CONVERSION = YES;
				CLANG_WARN_CONSTANT_CONVERSION = YES;
				CLANG_WARN_DIRECT_OBJC_ISA_USAGE = YES_ERROR;
				CLANG_WARN_DOCUMENTATION_COMMENTS = YES;
				CLANG_WARN_EMPTY_BODY = YES;
				CLANG_WARN_ENUM_CONVERSION = YES;
				CLANG_WARN_INFINITE_RECURSION = YES;
				CLANG_WARN_INT_CONVERSION = YES;
				CLANG_WARN_OBJC_ROOT_CLASS = YES_ERROR;
				CLANG_WARN_SUSPICIOUS_MOVE = YES;
				CLANG_WARN_UNREACHABLE_CODE = YES;
				CLANG_WARN__DUPLICATE_METHOD_MATCH = YES;
				"CODE_SIGN_IDENTITY[sdk=iphoneos*]" = "iPhone Developer";
				COPY_PHASE_STRIP = NO;
				DEBUG_INFORMATION_FORMAT = "dwarf-with-dsym";
				ENABLE_NS_ASSERTIONS = NO;
				ENABLE_STRICT_OBJC_MSGSEND = YES;
				GCC_C_LANGUAGE_STANDARD = gnu99;
				GCC_NO_COMMON_BLOCKS = YES;
				GCC_WARN_64_TO_32_BIT_CONVERSION = YES;
				GCC_WARN_ABOUT_RETURN_TYPE = YES_ERROR;
				GCC_WARN_UNDECLARED_SELECTOR = YES;
				GCC_WARN_UNINITIALIZED_AUTOS = YES_AGGRESSIVE;
				GCC_WARN_UNUSED_FUNCTION = YES;
				GCC_WARN_UNUSED_VARIABLE = YES;
				IPHONEOS_DEPLOYMENT_TARGET = 10.3;
				MTL_ENABLE_DEBUG_INFO = NO;
				SDKROOT = iphoneos;
				SWIFT_OPTIMIZATION_LEVEL = "-Owholemodule";
				VALIDATE_PRODUCT = YES;
			};
			name = Release;
		};
		795A888D1F06249A00484C37 /* Debug */ = {
			isa = XCBuildConfiguration;
			buildSettings = {
				ASSETCATALOG_COMPILER_APPICON_NAME = AppIcon;
				"CODE_SIGN_IDENTITY[sdk=iphoneos*]" = "iPhone Developer";
				CODE_SIGN_STYLE = Automatic;
				DEVELOPMENT_TEAM = "";
				INFOPLIST_FILE = mapView/Info.plist;
				LD_RUNPATH_SEARCH_PATHS = "$(inherited) @executable_path/Frameworks";
				PRODUCT_BUNDLE_IDENTIFIER = "Step-App-School";
				PRODUCT_NAME = "$(TARGET_NAME)";
				PROVISIONING_PROFILE_SPECIFIER = "";
				SWIFT_VERSION = 3.0;
			};
			name = Debug;
		};
		795A888E1F06249A00484C37 /* Release */ = {
			isa = XCBuildConfiguration;
			buildSettings = {
				ASSETCATALOG_COMPILER_APPICON_NAME = AppIcon;
				"CODE_SIGN_IDENTITY[sdk=iphoneos*]" = "iPhone Developer";
				CODE_SIGN_STYLE = Automatic;
				DEVELOPMENT_TEAM = "";
				INFOPLIST_FILE = mapView/Info.plist;
				LD_RUNPATH_SEARCH_PATHS = "$(inherited) @executable_path/Frameworks";
				PRODUCT_BUNDLE_IDENTIFIER = "Step-App-School";
				PRODUCT_NAME = "$(TARGET_NAME)";
				PROVISIONING_PROFILE_SPECIFIER = "";
				SWIFT_VERSION = 3.0;
			};
			name = Release;
		};
/* End XCBuildConfiguration section */

/* Begin XCConfigurationList section */
		795A88751F06249A00484C37 /* Build configuration list for PBXProject "mapView" */ = {
			isa = XCConfigurationList;
			buildConfigurations = (
				795A888A1F06249A00484C37 /* Debug */,
				795A888B1F06249A00484C37 /* Release */,
			);
			defaultConfigurationIsVisible = 0;
			defaultConfigurationName = Release;
		};
		795A888C1F06249A00484C37 /* Build configuration list for PBXNativeTarget "mapView" */ = {
			isa = XCConfigurationList;
			buildConfigurations = (
				795A888D1F06249A00484C37 /* Debug */,
				795A888E1F06249A00484C37 /* Release */,
			);
			defaultConfigurationIsVisible = 0;
			defaultConfigurationName = Release;
		};
/* End XCConfigurationList section */
	};
	rootObject = 795A88721F06249A00484C37 /* Project object */;
}
